
Microsoft Visual Studio Solution File, Format Version 12.00
# Visual Studio Version 16
VisualStudioVersion = 16.0.32002.261
MinimumVisualStudioVersion = 10.0.40219.1
Project("{FAE04EC0-301F-11D3-BF4B-00C04F79EFBC}") = "EasyChat-Launcher", "EasyChat-Launcher.csproj", "{74B49A39-DAA8-4130-A5BA-7EA46BC4FE53}"
EndProject
Global
	GlobalSection(SolutionConfigurationPlatforms) = preSolution
		Debug|Any CPU = Debug|Any CPU
		Release|Any CPU = Release|Any CPU
	EndGlobalSection
	GlobalSection(ProjectConfigurationPlatforms) = postSolution
		{74B49A39-DAA8-4130-A5BA-7EA46BC4FE53}.Debug|Any CPU.ActiveCfg = Debug|Any CPU
		{74B49A39-DAA8-4130-A5BA-7EA46BC4FE53}.Debug|Any CPU.Build.0 = Debug|Any CPU
		{74B49A39-DAA8-4130-A5BA-7EA46BC4FE53}.Release|Any CPU.ActiveCfg = Release|Any CPU
		{74B49A39-DAA8-4130-A5BA-7EA46BC4FE53}.Release|Any CPU.Build.0 = Release|Any CPU
	EndGlobalSection
	GlobalSection(SolutionProperties) = preSolution
		HideSolutionNode = FALSE
	EndGlobalSection
	GlobalSection(ExtensibilityGlobals) = postSolution
		SolutionGuid = {98C50464-F06A-4EE0-9F0A-FEFF4A35215C}
	EndGlobalSection
EndGlobal
